
Microsoft Visual Studio Solution File, Format Version 12.00
# Visual Studio 15
VisualStudioVersion = 15.0.27428.2037
MinimumVisualStudioVersion = 10.0.40219.1
Project("{9A19103F-16F7-4668-BE54-9A1E7A4F7556}") = "Sudoku.Engine", "Sudoku.Engine\Sudoku.Engine.csproj", "{C5B361CA-572C-4863-88C2-3D51252CA00E}"
EndProject
Project("{9A19103F-16F7-4668-BE54-9A1E7A4F7556}") = "Sudoku.UnitTests", "Sudoku.UnitTests\Sudoku.UnitTests.csproj", "{95BFA961-B717-4405-8E96-00EDEF07ECCD}"
EndProject
Project("{FAE04EC0-301F-11D3-BF4B-00C04F79EFBC}") = "SudokuLabRunner", "SudokuLabRunner\Sudoku.Runner.csproj", "{5E49A5FF-2D1F-493F-B1C5-86A4674D8625}"
EndProject
Global
	GlobalSection(SolutionConfigurationPlatforms) = preSolution
		Debug|Any CPU = Debug|Any CPU
		Release|Any CPU = Release|Any CPU
	EndGlobalSection
	GlobalSection(ProjectConfigurationPlatforms) = postSolution
		{C5B361CA-572C-4863-88C2-3D51252CA00E}.Debug|Any CPU.ActiveCfg = Debug|Any CPU
		{C5B361CA-572C-4863-88C2-3D51252CA00E}.Debug|Any CPU.Build.0 = Debug|Any CPU
		{C5B361CA-572C-4863-88C2-3D51252CA00E}.Release|Any CPU.ActiveCfg = Release|Any CPU
		{C5B361CA-572C-4863-88C2-3D51252CA00E}.Release|Any CPU.Build.0 = Release|Any CPU
		{95BFA961-B717-4405-8E96-00EDEF07ECCD}.Debug|Any CPU.ActiveCfg = Debug|Any CPU
		{95BFA961-B717-4405-8E96-00EDEF07ECCD}.Debug|Any CPU.Build.0 = Debug|Any CPU
		{95BFA961-B717-4405-8E96-00EDEF07ECCD}.Release|Any CPU.ActiveCfg = Release|Any CPU
		{95BFA961-B717-4405-8E96-00EDEF07ECCD}.Release|Any CPU.Build.0 = Release|Any CPU
		{5E49A5FF-2D1F-493F-B1C5-86A4674D8625}.Debug|Any CPU.ActiveCfg = Debug|Any CPU
		{5E49A5FF-2D1F-493F-B1C5-86A4674D8625}.Debug|Any CPU.Build.0 = Debug|Any CPU
		{5E49A5FF-2D1F-493F-B1C5-86A4674D8625}.Release|Any CPU.ActiveCfg = Release|Any CPU
		{5E49A5FF-2D1F-493F-B1C5-86A4674D8625}.Release|Any CPU.Build.0 = Release|Any CPU
	EndGlobalSection
	GlobalSection(SolutionProperties) = preSolution
		HideSolutionNode = FALSE
	EndGlobalSection
	GlobalSection(ExtensibilityGlobals) = postSolution
		SolutionGuid = {E9FBF432-849B-48AB-804B-681A1BE17D5F}
	EndGlobalSection
EndGlobal
